hash: 1b74aaa025fe62bade033a495fc2b66d51057c97583c918098eedbd8ed34a716
updated: 2018-02-07T00:03:16.367205117+01:00
imports:
- name: github.com/afex/hystrix-go
  version: f118cd938f786d24f46cc307981d8f63b7951020
  subpackages:
  - hystrix
  - hystrix/metric_collector
  - hystrix/rolling
- name: github.com/golang/mock
  version: 13f360950a79f5864a972c786a10a50e44b69541
  subpackages:
  - gomock
- name: github.com/golang/protobuf
  version: bbd03ef6da3a115852eaf24c8a1c46aeb39aa175
  subpackages:
  - proto
  - ptypes
  - ptypes/any
  - ptypes/duration
  - ptypes/empty
  - ptypes/timestamp
- name: github.com/gorilla/context
  version: 08b5f424b9271eedf6f9f0ce86cb9396ed337a42
- name: github.com/gorilla/mux
  version: 53c1911da2b537f792e7cafcb446b05ffe33b996
- name: github.com/sirupsen/logrus
  version: d682213848ed68c0a260ca37d6dd5ace8423f5ba
- name: github.com/urfave/cli
  version: cfb38830724cc34fedffe9a2a29fb54fa9169cd1
- name: github.com/vastness-io/queues
  version: 3f6526a873113aabd6233257b811acf11d9fd697
  subpackages:
  - pkg/core
  - pkg/queue
- name: github.com/vastness-io/vcs-webhook-svc
  version: 8a471e5f1ff2139c8997290940bbc52b829e7920
  subpackages:
  - mock/webhook/github
  - webhook/github
- name: golang.org/x/crypto
  version: d9133f5469342136e669e85192a26056b587f503
  subpackages:
  - ssh/terminal
- name: golang.org/x/net
  version: 2fb46b16b8dda405028c50f7c7f0f9dd1fa6bfb1
  subpackages:
  - context
  - http2
  - http2/hpack
  - idna
  - internal/timeseries
  - lex/httplex
  - trace
- name: golang.org/x/sys
  version: 37707fdb30a5b38865cfb95e5aab41707daec7fd
  subpackages:
  - unix
  - windows
- name: golang.org/x/text
  version: e19ae1496984b1c655b8044a65c0300a3c878dd3
  subpackages:
  - secure/bidirule
  - transform
  - unicode/bidi
  - unicode/norm
- name: google.golang.org/genproto
  version: 2b5a72b8730b0b16380010cfe5286c42108d88e7
  subpackages:
  - googleapis/rpc/status
- name: google.golang.org/grpc
  version: 6b51017f791ae1cfbec89c52efdf444b13b550ef
  subpackages:
  - balancer
  - balancer/base
  - balancer/roundrobin
  - codes
  - connectivity
  - credentials
  - encoding
  - grpclb/grpc_lb_v1/messages
  - grpclog
  - internal
  - keepalive
  - metadata
  - naming
  - peer
  - resolver
  - resolver/dns
  - resolver/passthrough
  - stats
  - status
  - tap
  - transport
testImports: []
